{
  "requires": true,
  "lockfileVersion": 1,
  "dependencies": {
    "eslint-config-prettier": {
      "version": "8.2.0",
      "resolved": "https://registry.npmjs.org/eslint-config-prettier/-/eslint-config-prettier-8.2.0.tgz",
      "integrity": "sha512-dWV9EVeSo2qodOPi1iBYU/x6F6diHv8uujxbxr77xExs3zTAlNXvVZKiyLsQGNz7yPV2K49JY5WjPzNIuDc2Bw==",
      "dev": true
    }
  }
}
